// !$*UTF8*$!
{
	archiveVersion = 1;
	classes = {
	};
	objectVersion = 46;
	objects = {

/* Begin PBXBuildFile section */
		59845ED51AFAF96600857ABD /* AppDelegate.swift in Sources */ = {isa = PBXBuildFile; fileRef = 59845ED41AFAF96600857ABD /* AppDelegate.swift */; };
		59845EDA1AFAF96600857ABD /* Main.storyboard in Resources */ = {isa = PBXBuildFile; fileRef = 59845ED81AFAF96600857ABD /* Main.storyboard */; };
		59845EDC1AFAF96600857ABD /* Images.xcassets in Resources */ = {isa = PBXBuildFile; fileRef = 59845EDB1AFAF96600857ABD /* Images.xcassets */; };
		59845EDF1AFAF96600857ABD /* LaunchScreen.xib in Resources */ = {isa = PBXBuildFile; fileRef = 59845EDD1AFAF96600857ABD /* LaunchScreen.xib */; };
		59845EEB1AFAF96600857ABD /* MujoticonTests.swift in Sources */ = {isa = PBXBuildFile; fileRef = 59845EEA1AFAF96600857ABD /* MujoticonTests.swift */; };
		59845EF51AFAFAFE00857ABD /* CameraViewController.swift in Sources */ = {isa = PBXBuildFile; fileRef = 59845EF41AFAFAFE00857ABD /* CameraViewController.swift */; };
		598ABF5C1AFCB6BD008A5A2F /* StampListViewController.swift in Sources */ = {isa = PBXBuildFile; fileRef = 598ABF5B1AFCB6BD008A5A2F /* StampListViewController.swift */; };
		598ABF5E1AFCB802008A5A2F /* stamp.json in Resources */ = {isa = PBXBuildFile; fileRef = 598ABF5D1AFCB802008A5A2F /* stamp.json */; };
		598ABF621AFCC3C1008A5A2F /* stamp1.png in Resources */ = {isa = PBXBuildFile; fileRef = 598ABF5F1AFCC3C1008A5A2F /* stamp1.png */; };
		598ABF631AFCC3C1008A5A2F /* stamp2.png in Resources */ = {isa = PBXBuildFile; fileRef = 598ABF601AFCC3C1008A5A2F /* stamp2.png */; };
		598ABF641AFCC3C1008A5A2F /* stamp3.png in Resources */ = {isa = PBXBuildFile; fileRef = 598ABF611AFCC3C1008A5A2F /* stamp3.png */; };
		598ABF661AFCEC4B008A5A2F /* StampView.swift in Sources */ = {isa = PBXBuildFile; fileRef = 598ABF651AFCEC4B008A5A2F /* StampView.swift */; };
		598ABF691AFCF0D1008A5A2F /* direction.png in Resources */ = {isa = PBXBuildFile; fileRef = 598ABF671AFCF0D1008A5A2F /* direction.png */; };
		598ABF6A1AFCF0D1008A5A2F /* garbage.png in Resources */ = {isa = PBXBuildFile; fileRef = 598ABF681AFCF0D1008A5A2F /* garbage.png */; };
		598ABF6C1AFD028D008A5A2F /* Array+Object.swift in Sources */ = {isa = PBXBuildFile; fileRef = 598ABF6B1AFD028D008A5A2F /* Array+Object.swift */; };
		59A480F41AFD215500012B58 /* AlbumViewController.swift in Sources */ = {isa = PBXBuildFile; fileRef = 59A480F31AFD215500012B58 /* AlbumViewController.swift */; };
		59A480F61AFE5EC800012B58 /* PreEditViewController.swift in Sources */ = {isa = PBXBuildFile; fileRef = 59A480F51AFE5EC800012B58 /* PreEditViewController.swift */; };
		59CBEC2B1AFFB45100D1BE67 /* UIView+Extension.swift in Sources */ = {isa = PBXBuildFile; fileRef = 59CBEC2A1AFFB45100D1BE67 /* UIView+Extension.swift */; };
		59EC252C1AFB92F700B78E89 /* TTKCamera.swift in Sources */ = {isa = PBXBuildFile; fileRef = 59EC25291AFB92F700B78E89 /* TTKCamera.swift */; };
		59EC252D1AFB92F700B78E89 /* TTKConstant.swift in Sources */ = {isa = PBXBuildFile; fileRef = 59EC252A1AFB92F700B78E89 /* TTKConstant.swift */; };
		59EC252E1AFB92F700B78E89 /* TTKDismissSegue.swift in Sources */ = {isa = PBXBuildFile; fileRef = 59EC252B1AFB92F700B78E89 /* TTKDismissSegue.swift */; };
		59EC25301AFBB84900B78E89 /* TTKEditImage.swift in Sources */ = {isa = PBXBuildFile; fileRef = 59EC252F1AFBB84900B78E89 /* TTKEditImage.swift */; };
		59EC25331AFBBB3F00B78E89 /* EditViewController.swift in Sources */ = {isa = PBXBuildFile; fileRef = 59EC25311AFBBB3F00B78E89 /* EditViewController.swift */; };
		59EC25341AFBBB3F00B78E89 /* TopViewController.swift in Sources */ = {isa = PBXBuildFile; fileRef = 59EC25321AFBBB3F00B78E89 /* TopViewController.swift */; };
		59EC25361AFBBE5500B78E89 /* AppManager.swift in Sources */ = {isa = PBXBuildFile; fileRef = 59EC25351AFBBE5500B78E89 /* AppManager.swift */; };
		59EC25391AFC85CF00B78E89 /* abc.jpg in Resources */ = {isa = PBXBuildFile; fileRef = 59EC25381AFC85CF00B78E89 /* abc.jpg */; };
		59EC253B1AFC872000B78E89 /* def.jpg in Resources */ = {isa = PBXBuildFile; fileRef = 59EC253A1AFC872000B78E89 /* def.jpg */; };
/* End PBXBuildFile section */

/* Begin PBXContainerItemProxy section */
		59845EE51AFAF96600857ABD /* PBXContainerItemProxy */ = {
			isa = PBXContainerItemProxy;
			containerPortal = 59845EC71AFAF96600857ABD /* Project object */;
			proxyType = 1;
			remoteGlobalIDString = 59845ECE1AFAF96600857ABD;
			remoteInfo = Mujoticon;
		};
/* End PBXContainerItemProxy section */

/* Begin PBXFileReference section */
		59845ECF1AFAF96600857ABD /* Mujoticon.app */ = {isa = PBXFileReference; explicitFileType = wrapper.application; includeInIndex = 0; path = Mujoticon.app; sourceTree = BUILT_PRODUCTS_DIR; };
		59845ED31AFAF96600857ABD /* Info.plist */ = {isa = PBXFileReference; lastKnownFileType = text.plist.xml; path = Info.plist; sourceTree = "<group>"; };
		59845ED41AFAF96600857ABD /* AppDelegate.swift */ = {isa = PBXFileReference; lastKnownFileType = sourcecode.swift; path = AppDelegate.swift; sourceTree = "<group>"; };
		59845ED91AFAF96600857ABD /* Base */ = {isa = PBXFileReference; lastKnownFileType = file.storyboard; name = Base; path = Base.lproj/Main.storyboard; sourceTree = "<group>"; };
		59845EDB1AFAF96600857ABD /* Images.xcassets */ = {isa = PBXFileReference; lastKnownFileType = folder.assetcatalog; path = Images.xcassets; sourceTree = "<group>"; };
		59845EDE1AFAF96600857ABD /* Base */ = {isa = PBXFileReference; lastKnownFileType = file.xib; name = Base; path = Base.lproj/LaunchScreen.xib; sourceTree = "<group>"; };
		59845EE41AFAF96600857ABD /* MujoticonTests.xctest */ = {isa = PBXFileReference; explicitFileType = wrapper.cfbundle; includeInIndex = 0; path = MujoticonTests.xctest; sourceTree = BUILT_PRODUCTS_DIR; };
		59845EE91AFAF96600857ABD /* Info.plist */ = {isa = PBXFileReference; lastKnownFileType = text.plist.xml; path = Info.plist; sourceTree = "<group>"; };
		59845EEA1AFAF96600857ABD /* MujoticonTests.swift */ = {isa = PBXFileReference; lastKnownFileType = sourcecode.swift; path = MujoticonTests.swift; sourceTree = "<group>"; };
		59845EF41AFAFAFE00857ABD /* CameraViewController.swift */ = {isa = PBXFileReference; fileEncoding = 4; lastKnownFileType = sourcecode.swift; path = CameraViewController.swift; sourceTree = "<group>"; };
		598ABF5B1AFCB6BD008A5A2F /* StampListViewController.swift */ = {isa = PBXFileReference; fileEncoding = 4; lastKnownFileType = sourcecode.swift; name = StampListViewController.swift; path = Mujoticon/StampListViewController.swift; sourceTree = SOURCE_ROOT; };
		598ABF5D1AFCB802008A5A2F /* stamp.json */ = {isa = PBXFileReference; fileEncoding = 4; lastKnownFileType = text.json; path = stamp.json; sourceTree = "<group>"; };
		598ABF5F1AFCC3C1008A5A2F /* stamp1.png */ = {isa = PBXFileReference; lastKnownFileType = image.png; path = stamp1.png; sourceTree = "<group>"; };
		598ABF601AFCC3C1008A5A2F /* stamp2.png */ = {isa = PBXFileReference; lastKnownFileType = image.png; path = stamp2.png; sourceTree = "<group>"; };
		598ABF611AFCC3C1008A5A2F /* stamp3.png */ = {isa = PBXFileReference; lastKnownFileType = image.png; path = stamp3.png; sourceTree = "<group>"; };
		598ABF651AFCEC4B008A5A2F /* StampView.swift */ = {isa = PBXFileReference; fileEncoding = 4; lastKnownFileType = sourcecode.swift; path = StampView.swift; sourceTree = "<group>"; };
		598ABF671AFCF0D1008A5A2F /* direction.png */ = {isa = PBXFileReference; lastKnownFileType = image.png; path = direction.png; sourceTree = "<group>"; };
		598ABF681AFCF0D1008A5A2F /* garbage.png */ = {isa = PBXFileReference; lastKnownFileType = image.png; path = garbage.png; sourceTree = "<group>"; };
		598ABF6B1AFD028D008A5A2F /* Array+Object.swift */ = {isa = PBXFileReference; fileEncoding = 4; lastKnownFileType = sourcecode.swift; path = "Array+Object.swift"; sourceTree = "<group>"; };
		59A480F31AFD215500012B58 /* AlbumViewController.swift */ = {isa = PBXFileReference; fileEncoding = 4; lastKnownFileType = sourcecode.swift; path = AlbumViewController.swift; sourceTree = "<group>"; };
		59A480F51AFE5EC800012B58 /* PreEditViewController.swift */ = {isa = PBXFileReference; fileEncoding = 4; lastKnownFileType = sourcecode.swift; path = PreEditViewController.swift; sourceTree = "<group>"; };
		59CBEC2A1AFFB45100D1BE67 /* UIView+Extension.swift */ = {isa = PBXFileReference; fileEncoding = 4; lastKnownFileType = sourcecode.swift; path = "UIView+Extension.swift"; sourceTree = "<group>"; };
		59EC25291AFB92F700B78E89 /* TTKCamera.swift */ = {isa = PBXFileReference; fileEncoding = 4; lastKnownFileType = sourcecode.swift; path = TTKCamera.swift; sourceTree = "<group>"; };
		59EC252A1AFB92F700B78E89 /* TTKConstant.swift */ = {isa = PBXFileReference; fileEncoding = 4; lastKnownFileType = sourcecode.swift; path = TTKConstant.swift; sourceTree = "<group>"; };
		59EC252B1AFB92F700B78E89 /* TTKDismissSegue.swift */ = {isa = PBXFileReference; fileEncoding = 4; lastKnownFileType = sourcecode.swift; path = TTKDismissSegue.swift; sourceTree = "<group>"; };
		59EC252F1AFBB84900B78E89 /* TTKEditImage.swift */ = {isa = PBXFileReference; fileEncoding = 4; lastKnownFileType = sourcecode.swift; path = TTKEditImage.swift; sourceTree = "<group>"; };
		59EC25311AFBBB3F00B78E89 /* EditViewController.swift */ = {isa = PBXFileReference; fileEncoding = 4; lastKnownFileType = sourcecode.swift; path = EditViewController.swift; sourceTree = "<group>"; };
		59EC25321AFBBB3F00B78E89 /* TopViewController.swift */ = {isa = PBXFileReference; fileEncoding = 4; lastKnownFileType = sourcecode.swift; path = TopViewController.swift; sourceTree = "<group>"; };
		59EC25351AFBBE5500B78E89 /* AppManager.swift */ = {isa = PBXFileReference; fileEncoding = 4; lastKnownFileType = sourcecode.swift; path = AppManager.swift; sourceTree = "<group>"; };
		59EC25381AFC85CF00B78E89 /* abc.jpg */ = {isa = PBXFileReference; lastKnownFileType = image.jpeg; path = abc.jpg; sourceTree = "<group>"; };
		59EC253A1AFC872000B78E89 /* def.jpg */ = {isa = PBXFileReference; lastKnownFileType = image.jpeg; path = def.jpg; sourceTree = "<group>"; };
/* End PBXFileReference section */

/* Begin PBXFrameworksBuildPhase section */
		59845ECC1AFAF96600857ABD /* Frameworks */ = {
			isa = PBXFrameworksBuildPhase;
			buildActionMask = 2147483647;
			files = (
			);
			runOnlyForDeploymentPostprocessing = 0;
		};
		59845EE11AFAF96600857ABD /* Frameworks */ = {
			isa = PBXFrameworksBuildPhase;
			buildActionMask = 2147483647;
			files = (
			);
			runOnlyForDeploymentPostprocessing = 0;
		};
/* End PBXFrameworksBuildPhase section */

/* Begin PBXGroup section */
		59845EC61AFAF96600857ABD = {
			isa = PBXGroup;
			children = (
				59845ED11AFAF96600857ABD /* Mujoticon */,
				59845EE71AFAF96600857ABD /* MujoticonTests */,
				59845ED01AFAF96600857ABD /* Products */,
			);
			sourceTree = "<group>";
		};
		59845ED01AFAF96600857ABD /* Products */ = {
			isa = PBXGroup;
			children = (
				59845ECF1AFAF96600857ABD /* Mujoticon.app */,
				59845EE41AFAF96600857ABD /* MujoticonTests.xctest */,
			);
			name = Products;
			sourceTree = "<group>";
		};
		59845ED11AFAF96600857ABD /* Mujoticon */ = {
			isa = PBXGroup;
			children = (
				59EC25371AFC85CF00B78E89 /* Resources */,
				59EC25281AFB92F700B78E89 /* TTKLibrary */,
				59EC25351AFBBE5500B78E89 /* AppManager.swift */,
				59A480F31AFD215500012B58 /* AlbumViewController.swift */,
				59845ED41AFAF96600857ABD /* AppDelegate.swift */,
				59EC25321AFBBB3F00B78E89 /* TopViewController.swift */,
				59845EF41AFAFAFE00857ABD /* CameraViewController.swift */,
				59A480F51AFE5EC800012B58 /* PreEditViewController.swift */,
				59EC25311AFBBB3F00B78E89 /* EditViewController.swift */,
				598ABF5B1AFCB6BD008A5A2F /* StampListViewController.swift */,
				598ABF651AFCEC4B008A5A2F /* StampView.swift */,
				59CBEC2A1AFFB45100D1BE67 /* UIView+Extension.swift */,
				598ABF6B1AFD028D008A5A2F /* Array+Object.swift */,
				59845ED81AFAF96600857ABD /* Main.storyboard */,
				59845EDB1AFAF96600857ABD /* Images.xcassets */,
				59845EDD1AFAF96600857ABD /* LaunchScreen.xib */,
				59845ED21AFAF96600857ABD /* Supporting Files */,
			);
			path = Mujoticon;
			sourceTree = "<group>";
		};
		59845ED21AFAF96600857ABD /* Supporting Files */ = {
			isa = PBXGroup;
			children = (
				59845ED31AFAF96600857ABD /* Info.plist */,
			);
			name = "Supporting Files";
			sourceTree = "<group>";
		};
		59845EE71AFAF96600857ABD /* MujoticonTests */ = {
			isa = PBXGroup;
			children = (
				59845EEA1AFAF96600857ABD /* MujoticonTests.swift */,
				59845EE81AFAF96600857ABD /* Supporting Files */,
			);
			path = MujoticonTests;
			sourceTree = "<group>";
		};
		59845EE81AFAF96600857ABD /* Supporting Files */ = {
			isa = PBXGroup;
			children = (
				59845EE91AFAF96600857ABD /* Info.plist */,
			);
			name = "Supporting Files";
			sourceTree = "<group>";
		};
		59EC25281AFB92F700B78E89 /* TTKLibrary */ = {
			isa = PBXGroup;
			children = (
				59EC252A1AFB92F700B78E89 /* TTKConstant.swift */,
				59EC25291AFB92F700B78E89 /* TTKCamera.swift */,
				59EC252B1AFB92F700B78E89 /* TTKDismissSegue.swift */,
				59EC252F1AFBB84900B78E89 /* TTKEditImage.swift */,
			);
			path = TTKLibrary;
			sourceTree = "<group>";
		};
		59EC25371AFC85CF00B78E89 /* Resources */ = {
			isa = PBXGroup;
			children = (
				598ABF671AFCF0D1008A5A2F /* direction.png */,
				598ABF681AFCF0D1008A5A2F /* garbage.png */,
				598ABF5F1AFCC3C1008A5A2F /* stamp1.png */,
				598ABF601AFCC3C1008A5A2F /* stamp2.png */,
				598ABF611AFCC3C1008A5A2F /* stamp3.png */,
				598ABF5D1AFCB802008A5A2F /* stamp.json */,
				59EC253A1AFC872000B78E89 /* def.jpg */,
				59EC25381AFC85CF00B78E89 /* abc.jpg */,
			);
			path = Resources;
			sourceTree = "<group>";
		};
/* End PBXGroup section */

/* Begin PBXNativeTarget section */
		59845ECE1AFAF96600857ABD /* Mujoticon */ = {
			isa = PBXNativeTarget;
			buildConfigurationList = 59845EEE1AFAF96600857ABD /* Build configuration list for PBXNativeTarget "Mujoticon" */;
			buildPhases = (
				59845ECB1AFAF96600857ABD /* Sources */,
				59845ECC1AFAF96600857ABD /* Frameworks */,
				59845ECD1AFAF96600857ABD /* Resources */,
			);
			buildRules = (
			);
			dependencies = (
			);
			name = Mujoticon;
			productName = Mujoticon;
			productReference = 59845ECF1AFAF96600857ABD /* Mujoticon.app */;
			productType = "com.apple.product-type.application";
		};
		59845EE31AFAF96600857ABD /* MujoticonTests */ = {
			isa = PBXNativeTarget;
			buildConfigurationList = 59845EF11AFAF96600857ABD /* Build configuration list for PBXNativeTarget "MujoticonTests" */;
			buildPhases = (
				59845EE01AFAF96600857ABD /* Sources */,
				59845EE11AFAF96600857ABD /* Frameworks */,
				59845EE21AFAF96600857ABD /* Resources */,
			);
			buildRules = (
			);
			dependencies = (
				59845EE61AFAF96600857ABD /* PBXTargetDependency */,
			);
			name = MujoticonTests;
			productName = MujoticonTests;
			productReference = 59845EE41AFAF96600857ABD /* MujoticonTests.xctest */;
			productType = "com.apple.product-type.bundle.unit-test";
		};
/* End PBXNativeTarget section */

/* Begin PBXProject section */
		59845EC71AFAF96600857ABD /* Project object */ = {
			isa = PBXProject;
			attributes = {
				LastUpgradeCheck = 0630;
				ORGANIZATIONNAME = "UNUUU FOUNDATION";
				TargetAttributes = {
					59845ECE1AFAF96600857ABD = {
						CreatedOnToolsVersion = 6.3.1;
					};
					59845EE31AFAF96600857ABD = {
						CreatedOnToolsVersion = 6.3.1;
						TestTargetID = 59845ECE1AFAF96600857ABD;
					};
				};
			};
			buildConfigurationList = 59845ECA1AFAF96600857ABD /* Build configuration list for PBXProject "Mujoticon" */;
			compatibilityVersion = "Xcode 3.2";
			developmentRegion = English;
			hasScannedForEncodings = 0;
			knownRegions = (
				en,
				Base,
			);
			mainGroup = 59845EC61AFAF96600857ABD;
			productRefGroup = 59845ED01AFAF96600857ABD /* Products */;
			projectDirPath = "";
			projectRoot = "";
			targets = (
				59845ECE1AFAF96600857ABD /* Mujoticon */,
				59845EE31AFAF96600857ABD /* MujoticonTests */,
			);
		};
/* End PBXProject section */

/* Begin PBXResourcesBuildPhase section */
		59845ECD1AFAF96600857ABD /* Resources */ = {
			isa = PBXResourcesBuildPhase;
			buildActionMask = 2147483647;
			files = (
				598ABF6A1AFCF0D1008A5A2F /* garbage.png in Resources */,
				59EC25391AFC85CF00B78E89 /* abc.jpg in Resources */,
				598ABF621AFCC3C1008A5A2F /* stamp1.png in Resources */,
				59845EDA1AFAF96600857ABD /* Main.storyboard in Resources */,
				59EC253B1AFC872000B78E89 /* def.jpg in Resources */,
				598ABF641AFCC3C1008A5A2F /* stamp3.png in Resources */,
				598ABF631AFCC3C1008A5A2F /* stamp2.png in Resources */,
				598ABF5E1AFCB802008A5A2F /* stamp.json in Resources */,
				598ABF691AFCF0D1008A5A2F /* direction.png in Resources */,
				59845EDF1AFAF96600857ABD /* LaunchScreen.xib in Resources */,
				59845EDC1AFAF96600857ABD /* Images.xcassets in Resources */,
			);
			runOnlyForDeploymentPostprocessing = 0;
		};
		59845EE21AFAF96600857ABD /* Resources */ = {
			isa = PBXResourcesBuildPhase;
			buildActionMask = 2147483647;
			files = (
			);
			runOnlyForDeploymentPostprocessing = 0;
		};
/* End PBXResourcesBuildPhase section */

/* Begin PBXSourcesBuildPhase section */
		59845ECB1AFAF96600857ABD /* Sources */ = {
			isa = PBXSourcesBuildPhase;
			buildActionMask = 2147483647;
			files = (
				59EC25301AFBB84900B78E89 /* TTKEditImage.swift in Sources */,
				59845ED51AFAF96600857ABD /* AppDelegate.swift in Sources */,
				59A480F61AFE5EC800012B58 /* PreEditViewController.swift in Sources */,
				59CBEC2B1AFFB45100D1BE67 /* UIView+Extension.swift in Sources */,
				59A480F41AFD215500012B58 /* AlbumViewController.swift in Sources */,
				598ABF6C1AFD028D008A5A2F /* Array+Object.swift in Sources */,
				59EC252E1AFB92F700B78E89 /* TTKDismissSegue.swift in Sources */,
				59EC252C1AFB92F700B78E89 /* TTKCamera.swift in Sources */,
				59EC25341AFBBB3F00B78E89 /* TopViewController.swift in Sources */,
				59845EF51AFAFAFE00857ABD /* CameraViewController.swift in Sources */,
				598ABF5C1AFCB6BD008A5A2F /* StampListViewController.swift in Sources */,
				598ABF661AFCEC4B008A5A2F /* StampView.swift in Sources */,
				59EC25361AFBBE5500B78E89 /* AppManager.swift in Sources */,
				59EC252D1AFB92F700B78E89 /* TTKConstant.swift in Sources */,
				59EC25331AFBBB3F00B78E89 /* EditViewController.swift in Sources */,
			);
			runOnlyForDeploymentPostprocessing = 0;
		};
		59845EE01AFAF96600857ABD /* Sources */ = {
			isa = PBXSourcesBuildPhase;
			buildActionMask = 2147483647;
			files = (
				59845EEB1AFAF96600857ABD /* MujoticonTests.swift in Sources */,
			);
			runOnlyForDeploymentPostprocessing = 0;
		};
/* End PBXSourcesBuildPhase section */

/* Begin PBXTargetDependency section */
		59845EE61AFAF96600857ABD /* PBXTargetDependency */ = {
			isa = PBXTargetDependency;
			target = 59845ECE1AFAF96600857ABD /* Mujoticon */;
			targetProxy = 59845EE51AFAF96600857ABD /* PBXContainerItemProxy */;
		};
/* End PBXTargetDependency section */

/* Begin PBXVariantGroup section */
		59845ED81AFAF96600857ABD /* Main.storyboard */ = {
			isa = PBXVariantGroup;
			children = (
				59845ED91AFAF96600857ABD /* Base */,
			);
			name = Main.storyboard;
			sourceTree = "<group>";
		};
		59845EDD1AFAF96600857ABD /* LaunchScreen.xib */ = {
			isa = PBXVariantGroup;
			children = (
				59845EDE1AFAF96600857ABD /* Base */,
			);
			name = LaunchScreen.xib;
			sourceTree = "<group>";
		};
/* End PBXVariantGroup section */

/* Begin XCBuildConfiguration section */
		59845EEC1AFAF96600857ABD /* Debug */ = {
			isa = XCBuildConfiguration;
			buildSettings = {
				ALWAYS_SEARCH_USER_PATHS = NO;
				CLANG_CXX_LANGUAGE_STANDARD = "gnu++0x";
				CLANG_CXX_LIBRARY = "libc++";
				CLANG_ENABLE_MODULES = YES;
				CLANG_ENABLE_OBJC_ARC = YES;
				CLANG_WARN_BOOL_CONVERSION = YES;
				CLANG_WARN_CONSTANT_CONVERSION = YES;
				CLANG_WARN_DIRECT_OBJC_ISA_USAGE = YES_ERROR;
				CLANG_WARN_EMPTY_BODY = YES;
				CLANG_WARN_ENUM_CONVERSION = YES;
				CLANG_WARN_INT_CONVERSION = YES;
				CLANG_WARN_OBJC_ROOT_CLASS = YES_ERROR;
				CLANG_WARN_UNREACHABLE_CODE = YES;
				CLANG_WARN__DUPLICATE_METHOD_MATCH = YES;
				"CODE_SIGN_IDENTITY[sdk=iphoneos*]" = "iPhone Developer";
				COPY_PHASE_STRIP = NO;
				DEBUG_INFORMATION_FORMAT = "dwarf-with-dsym";
				ENABLE_STRICT_OBJC_MSGSEND = YES;
				GCC_C_LANGUAGE_STANDARD = gnu99;
				GCC_DYNAMIC_NO_PIC = NO;
				GCC_NO_COMMON_BLOCKS = YES;
				GCC_OPTIMIZATION_LEVEL = 0;
				GCC_PREPROCESSOR_DEFINITIONS = (
					"DEBUG=1",
					"$(inherited)",
				);
				GCC_SYMBOLS_PRIVATE_EXTERN = NO;
				GCC_WARN_64_TO_32_BIT_CONVERSION = YES;
				GCC_WARN_ABOUT_RETURN_TYPE = YES_ERROR;
				GCC_WARN_UNDECLARED_SELECTOR = YES;
				GCC_WARN_UNINITIALIZED_AUTOS = YES_AGGRESSIVE;
				GCC_WARN_UNUSED_FUNCTION = YES;
				GCC_WARN_UNUSED_VARIABLE = YES;
				IPHONEOS_DEPLOYMENT_TARGET = 8.3;
				MTL_ENABLE_DEBUG_INFO = YES;
				ONLY_ACTIVE_ARCH = YES;
				SDKROOT = iphoneos;
				SWIFT_OPTIMIZATION_LEVEL = "-Onone";
			};
			name = Debug;
		};
		59845EED1AFAF96600857ABD /* Release */ = {
			isa = XCBuildConfiguration;
			buildSettings = {
				ALWAYS_SEARCH_USER_PATHS = NO;
				CLANG_CXX_LANGUAGE_STANDARD = "gnu++0x";
				CLANG_CXX_LIBRARY = "libc++";
				CLANG_ENABLE_MODULES = YES;
				CLANG_ENABLE_OBJC_ARC = YES;
				CLANG_WARN_BOOL_CONVERSION = YES;
				CLANG_WARN_CONSTANT_CONVERSION = YES;
				CLANG_WARN_DIRECT_OBJC_ISA_USAGE = YES_ERROR;
				CLANG_WARN_EMPTY_BODY = YES;
				CLANG_WARN_ENUM_CONVERSION = YES;
				CLANG_WARN_INT_CONVERSION = YES;
				CLANG_WARN_OBJC_ROOT_CLASS = YES_ERROR;
				CLANG_WARN_UNREACHABLE_CODE = YES;
				CLANG_WARN__DUPLICATE_METHOD_MATCH = YES;
				"CODE_SIGN_IDENTITY[sdk=iphoneos*]" = "iPhone Developer";
				COPY_PHASE_STRIP = NO;
				DEBUG_INFORMATION_FORMAT = "dwarf-with-dsym";
				ENABLE_NS_ASSERTIONS = NO;
				ENABLE_STRICT_OBJC_MSGSEND = YES;
				GCC_C_LANGUAGE_STANDARD = gnu99;
				GCC_NO_COMMON_BLOCKS = YES;
				GCC_WARN_64_TO_32_BIT_CONVERSION = YES;
				GCC_WARN_ABOUT_RETURN_TYPE = YES_ERROR;
				GCC_WARN_UNDECLARED_SELECTOR = YES;
				GCC_WARN_UNINITIALIZED_AUTOS = YES_AGGRESSIVE;
				GCC_WARN_UNUSED_FUNCTION = YES;
				GCC_WARN_UNUSED_VARIABLE = YES;
				IPHONEOS_DEPLOYMENT_TARGET = 8.3;
				MTL_ENABLE_DEBUG_INFO = NO;
				SDKROOT = iphoneos;
				VALIDATE_PRODUCT = YES;
			};
			name = Release;
		};
		59845EEF1AFAF96600857ABD /* Debug */ = {
			isa = XCBuildConfiguration;
			buildSettings = {
				ASSETCATALOG_COMPILER_APPICON_NAME = AppIcon;
				CODE_SIGN_IDENTITY = "iPhone Developer: Takumi Kashima (DEM3ZKARBK)";
				INFOPLIST_FILE = Mujoticon/Info.plist;
				IPHONEOS_DEPLOYMENT_TARGET = 8.2;
				LD_RUNPATH_SEARCH_PATHS = "$(inherited) @executable_path/Frameworks";
				PRODUCT_NAME = "$(TARGET_NAME)";
				PROVISIONING_PROFILE = "6a409f2d-398f-4633-87db-edbe2077dde5";
			};
			name = Debug;
		};
		59845EF01AFAF96600857ABD /* Release */ = {
			isa = XCBuildConfiguration;
			buildSettings = {
				ASSETCATALOG_COMPILER_APPICON_NAME = AppIcon;
				INFOPLIST_FILE = Mujoticon/Info.plist;
				IPHONEOS_DEPLOYMENT_TARGET = 8.2;
				LD_RUNPATH_SEARCH_PATHS = "$(inherited) @executable_path/Frameworks";
				PRODUCT_NAME = "$(TARGET_NAME)";
				PROVISIONING_PROFILE = "6a409f2d-398f-4633-87db-edbe2077dde5";
			};
			name = Release;
		};
		59845EF21AFAF96600857ABD /* Debug */ = {
			isa = XCBuildConfiguration;
			buildSettings = {
				BUNDLE_LOADER = "$(TEST_HOST)";
				FRAMEWORK_SEARCH_PATHS = (
					"$(SDKROOT)/Developer/Library/Frameworks",
					"$(inherited)",
				);
				GCC_PREPROCESSOR_DEFINITIONS = (
					"DEBUG=1",
					"$(inherited)",
				);
				INFOPLIST_FILE = MujoticonTests/Info.plist;
				LD_RUNPATH_SEARCH_PATHS = "$(inherited) @executable_path/Frameworks @loader_path/Frameworks";
				PRODUCT_NAME = "$(TARGET_NAME)";
				TEST_HOST = "$(BUILT_PRODUCTS_DIR)/Mujoticon.app/Mujoticon";
			};
			name = Debug;
		};
		59845EF31AFAF96600857ABD /* Release */ = {
			isa = XCBuildConfiguration;
			buildSettings = {
				BUNDLE_LOADER = "$(TEST_HOST)";
				FRAMEWORK_SEARCH_PATHS = (
					"$(SDKROOT)/Developer/Library/Frameworks",
					"$(inherited)",
				);
				INFOPLIST_FILE = MujoticonTests/Info.plist;
				LD_RUNPATH_SEARCH_PATHS = "$(inherited) @executable_path/Frameworks @loader_path/Frameworks";
				PRODUCT_NAME = "$(TARGET_NAME)";
				TEST_HOST = "$(BUILT_PRODUCTS_DIR)/Mujoticon.app/Mujoticon";
			};
			name = Release;
		};
/* End XCBuildConfiguration section */

/* Begin XCConfigurationList section */
		59845ECA1AFAF96600857ABD /* Build configuration list for PBXProject "Mujoticon" */ = {
			isa = XCConfigurationList;
			buildConfigurations = (
				59845EEC1AFAF96600857ABD /* Debug */,
				59845EED1AFAF96600857ABD /* Release */,
			);
			defaultConfigurationIsVisible = 0;
			defaultConfigurationName = Release;
		};
		59845EEE1AFAF96600857ABD /* Build configuration list for PBXNativeTarget "Mujoticon" */ = {
			isa = XCConfigurationList;
			buildConfigurations = (
				59845EEF1AFAF96600857ABD /* Debug */,
				59845EF01AFAF96600857ABD /* Release */,
			);
			defaultConfigurationIsVisible = 0;
			defaultConfigurationName = Release;
		};
		59845EF11AFAF96600857ABD /* Build configuration list for PBXNativeTarget "MujoticonTests" */ = {
			isa = XCConfigurationList;
			buildConfigurations = (
				59845EF21AFAF96600857ABD /* Debug */,
				59845EF31AFAF96600857ABD /* Release */,
			);
			defaultConfigurationIsVisible = 0;
			defaultConfigurationName = Release;
		};
/* End XCConfigurationList section */
	};
	rootObject = 59845EC71AFAF96600857ABD /* Project object */;
}
